{
    "_meta": {
        "hash": {
            "sha256": "ed4f6b8cf0caf173efbb397694214c7c7eaf44462ff1eb4e41cea92dada840d4"
        },
        "pipfile-spec": 6,
        "requires": {
            "python_version": "3.7"
        },
        "sources": [
            {
                "name": "pypi",
                "url": "https://pypi.org/simple",
                "verify_ssl": true
            }
        ]
    },
    "default": {
        "appdirs": {
            "hashes": [
                "sha256:7d5d0167b2b1ba821647616af46a749d1c653740dd0d2415100fe26e27afdf41",
                "sha256:a841dacd6b99318a741b166adb07e19ee71a274450e68237b4650ca1055ab128"
            ],
            "version": "==1.4.4"
        },
        "beem": {
            "hashes": [
                "sha256:7b34a4f6cbcb9f8af1aa5e9f2090827bc69be6537cfb7c9aa7eccf845b5d3302",
                "sha256:d1315b487a914db3210a561afadd7ca8c92a598babee9cb326fb4621b512000b"
            ],
            "index": "pypi",
            "version": "==0.20.17"
        },
        "certifi": {
            "hashes": [
                "sha256:35824b4c3a97115964b408844d64aa14db1cc518f6562e8d7261699d1350a9e3",
                "sha256:4ad3232f5e926d6718ec31cfc1fcadfde020920e278684144551c91769c7bc18"
            ],
            "index": "pypi",
            "version": "==2022.12.7"
        },
        "charset-normalizer": {
            "hashes": [
                "sha256:5a3d016c7c547f69d6f81fb0db9449ce888b418b5b9952cc5e6e66843e9dd845",
                "sha256:83e9a75d1911279afd89352c68b45348559d1fc0506b054b346651b5e7fee29f"
            ],
            "markers": "python_version >= '3.6'",
            "version": "==2.1.1"
        },
        "click": {
            "hashes": [
                "sha256:7682dc8afb30297001674575ea00d1814d808d6a36af415a82bd481d37ba7b8e",
                "sha256:bb4d8133cb15a609f44e8213d9b391b0809795062913b383c62be0ee95b1db48"
            ],
            "markers": "python_version >= '3.7'",
            "version": "==8.1.3"
        },
        "django": {
            "hashes": [
                "sha256:a32c22af23634e1d11425574dce756098e015a165be02e4690179889b207c7a8",
                "sha256:d6393918da830530a9516bbbcbf7f1214c3d733738779f06b0f649f49cc698c3"
            ],
            "index": "pypi",
            "version": "==2.1.5"
        },
        "ecdsa": {
            "hashes": [
                "sha256:190348041559e21b22a1d65cee485282ca11a6f81d503fddb84d5017e9ed1e49",
                "sha256:80600258e7ed2f16b9aa1d7c295bd70194109ad5a30fdee0eaeefef1d4c559dd"
            ],
            "markers": "python_version >= '2.6' and python_version not in '3.0, 3.1, 3.2, 3.3'",
            "version": "==0.18.0"
        },
        "events": {
            "hashes": [
                "sha256:01d9dd2a061f908d74a89fa5c8f07baa694f02a2a5974983663faaf7a97180f5"
            ],
            "version": "==0.4"
        },
        "future": {
            "hashes": [
                "sha256:b1bead90b70cf6ec3f0710ae53a525360fa360d306a86583adc6bf83a4db537d"
            ],
            "markers": "python_version >= '2.6' and python_version not in '3.0, 3.1, 3.2, 3.3'",
            "version": "==0.18.2"
        },
        "gunicorn": {
            "hashes": [
                "sha256:aa8e0b40b4157b36a5df5e599f45c9c76d6af43845ba3b3b0efe2c70473c2471",
                "sha256:fa2662097c66f920f53f70621c6c58ca4a3c4d3434205e608e121b5b3b71f4f3"
            ],
            "index": "pypi",
            "version": "==19.9.0"
        },
        "idna": {
            "hashes": [
                "sha256:814f528e8dead7d329833b91c5faa87d60bf71824cd12a7530b5526063d02cb4",
                "sha256:90b77e79eaa3eba6de819a0c442c0b4ceefc341a7a2ab77d7562bf49f425c5c2"
            ],
            "markers": "python_version >= '3.5'",
            "version": "==3.4"
        },
        "importlib-metadata": {
            "hashes": [
                "sha256:d5059f9f1e8e41f80e9c56c2ee58811450c31984dfa625329ffd7c0dad88a73b",
                "sha256:d84d17e21670ec07990e1044a99efe8d615d860fd176fc29ef5c306068fda313"
            ],
            "markers": "python_version < '3.8'",
            "version": "==5.1.0"
        },
        "prettytable": {
            "hashes": [
                "sha256:52f682ba4efe29dccb38ff0fe5bac8a23007d0780ff92a8b85af64bc4fc74d72",
                "sha256:fe391c3b545800028edf5dbb6a5360893feb398367fcc1cf8d7a5b29ce5c59a1"
            ],
            "markers": "python_version >= '3.7'",
            "version": "==3.5.0"
        },
        "pycryptodomex": {
            "hashes": [
                "sha256:04610536921c1ec7adba158ef570348550c9f3a40bc24be9f8da2ef7ab387981",
                "sha256:0ba28aa97cdd3ff5ed1a4f2b7f5cd04e721166bd75bd2b929e2734433882b583",
                "sha256:0da835af786fdd1c9930994c78b23e88d816dc3f99aa977284a21bbc26d19735",
                "sha256:1619087fb5b31510b0b0b058a54f001a5ffd91e6ffee220d9913064519c6a69d",
                "sha256:1cda60207be8c1cf0b84b9138f9e3ca29335013d2b690774a5e94678ff29659a",
                "sha256:22aed0868622d95179217c298e37ed7410025c7b29dac236d3230617d1e4ed56",
                "sha256:231dc8008cbdd1ae0e34645d4523da2dbc7a88c325f0d4a59635a86ee25b41dd",
                "sha256:2ad9bb86b355b6104796567dd44c215b3dc953ef2fae5e0bdfb8516731df92cf",
                "sha256:4dbbe18cc232b5980c7633972ae5417d0df76fe89e7db246eefd17ef4d8e6d7a",
                "sha256:6a465e4f856d2a4f2a311807030c89166529ccf7ccc65bef398de045d49144b6",
                "sha256:70288d9bfe16b2fd0d20b6c365db614428f1bcde7b20d56e74cf88ade905d9eb",
                "sha256:7993d26dae4d83b8f4ce605bb0aecb8bee330bb3c95475ef06f3694403621e71",
                "sha256:8851585ff19871e5d69e1790f4ca5f6fd1699d6b8b14413b472a4c0dbc7ea780",
                "sha256:893f8a97d533c66cc3a56e60dd3ed40a3494ddb4aafa7e026429a08772f8a849",
                "sha256:8dd2d9e3c617d0712ed781a77efd84ea579e76c5f9b2a4bc0b684ebeddf868b2",
                "sha256:a1c0ae7123448ecb034c75c713189cb00ebe2d415b11682865b6c54d200d9c93",
                "sha256:b0789a8490114a2936ed77c87792cfe77582c829cb43a6d86ede0f9624ba8aa3",
                "sha256:b3d04c00d777c36972b539fb79958790126847d84ec0129fce1efef250bfe3ce",
                "sha256:ba57ac7861fd2c837cdb33daf822f2a052ff57dd769a2107807f52a36d0e8d38",
                "sha256:ce338a9703f54b2305a408fc9890eb966b727ce72b69f225898bb4e9d9ed3f1f",
                "sha256:daa67f5ebb6fbf1ee9c90decaa06ca7fc88a548864e5e484d52b0920a57fe8a5",
                "sha256:e2453162f473c1eae4826eb10cd7bce19b5facac86d17fb5f29a570fde145abd",
                "sha256:e25a2f5667d91795f9417cb856f6df724ccdb0cdd5cbadb212ee9bf43946e9f8",
                "sha256:e5a670919076b71522c7d567a9043f66f14b202414a63c3a078b5831ae342c03",
                "sha256:e9ba9d8ed638733c9e95664470b71d624a6def149e2db6cc52c1aca5a6a2df1d",
                "sha256:f2b971a7b877348a27dcfd0e772a0343fb818df00b74078e91c008632284137d"
            ],
            "markers": "python_version >= '2.7' and python_version not in '3.0, 3.1, 3.2, 3.3, 3.4'",
            "version": "==3.16.0"
        },
        "pylibscrypt": {
            "hashes": [
                "sha256:5afffc2cf056de86a000c13627ddca87fac14380939694aa6fbf4875926c0146"
            ],
            "version": "==2.0.0"
        },
        "pytz": {
            "hashes": [
                "sha256:222439474e9c98fced559f1709d89e6c9cbf8d79c794ff3eb9f8800064291427",
                "sha256:e89512406b793ca39f5971bc999cc538ce125c0e51c27941bef4568b460095e2"
            ],
            "version": "==2022.6"
        },
        "pyyaml": {
            "hashes": [
                "sha256:1cbc199009e78f92d9edf554be4fe40fb7b0bef71ba688602a00e97a51909110",
                "sha256:254bf6fda2b7c651837acb2c718e213df29d531eebf00edb54743d10bcb694eb",
                "sha256:3108529b78577327d15eec243f0ff348a0640b0c3478d67ad7f5648f93bac3e2",
                "sha256:3c17fb92c8ba2f525e4b5f7941d850e7a48c3a59b32d331e2502a3cdc6648e76",
                "sha256:6f89b5c95e93945b597776163403d47af72d243f366bf4622ff08bdfd1c950b7",
                "sha256:8d6d96001aa7f0a6a4a95e8143225b5d06e41b1131044913fecb8f85a125714b",
                "sha256:be622cc81696e24d0836ba71f6272a2b5767669b0d79fdcf0295d51ac2e156c8",
                "sha256:c8a88edd93ee29ede719080b2be6cb2333dfee1dccba213b422a9c8e97f2967b",
                "sha256:f39411e380e2182ad33be039e8ee5770a5d9efe01a2bfb7ae58d9ba31c4a2a9d"
            ],
            "index": "pypi",
            "version": "==4.2b4"
        },
        "requests": {
            "hashes": [
                "sha256:7c5599b102feddaa661c826c56ab4fee28bfd17f5abca1ebbe3e7f19d7c97983",
                "sha256:8fefa2a1a1365bf5520aac41836fbee479da67864514bdb821f31ce07ce65349"
            ],
            "markers": "python_version >= '3.7' and python_version < '4'",
            "version": "==2.28.1"
        },
        "scrypt": {
            "hashes": [
                "sha256:02a00c05a3d434f473f3767b36c4d7e5122a72641b93b25c4cc0245e59b6ef58",
                "sha256:0d226c1c6744fb2e308b391410669b1df5cfe82637ffcb5ed489bf82b2d2eb78",
                "sha256:10ffebb09a3bc6a87d3a4d67e10de9c5d2557d240d71fdada42301173ba0a107",
                "sha256:17eb9097850988fedf78f0f7cc2be379699fbf9016e54be416c15a7314d5b661",
                "sha256:1b25f81ef66e1f0605d1ff5be9b799747b0ef56ae751a6308d4dc25980bc3156",
                "sha256:1ba29376d964f4ffefffc01f53d8ed5df123051996cfed1cba0c78e9b76dbdf1",
                "sha256:25fb074d9c4721d10f8abedacb20695a4d62c83a2f90e8791a75b29b3fc7f33d",
                "sha256:2b9c7fce4eaabe7a668924b851746f115be4cd337adc75e36b84dc8d0c28386f",
                "sha256:2e4f7c5cff06dfd45207760a81381aeb8dc9f88bc722794d82728a5449dbdb0d",
                "sha256:3069f6dd07115dd094d9301c8397f99aa141691029c1ab66847046673a3f8c4a",
                "sha256:3a008e868b68b56d9947e69c3f2bf42a8cb9a85f0b849d014c9d265932deb5b5",
                "sha256:3ca103672508ba4711df6b2dda1011aa0d347939cb2d5857c407b8e4544ec303",
                "sha256:47b9b6b312dfb98804fdb073d0cc7320f21e215d28c277018449e77e3763e70e",
                "sha256:56af4b0154c08e2d36c96c9b055fe104a3a0e829b04e272137c89e0e019b978a",
                "sha256:5b5d406b3dff9bd885065a0b1b5ad9e01739dbddd3c9d13749cb66cf1ad2623f",
                "sha256:5eebe8082494cac4d8db42325fe7a9344b4d0c84c90c7951abf1041f07a18318",
                "sha256:610930e3f4d52427664cb6afd402407fa07dbc1b7f3c6083c26abf16f63a6455",
                "sha256:61dfaff95a184fd32ddc69102e267c8b03daded9fc7ec02e64ff6cc68a91bb6e",
                "sha256:620f2a3a44ea20a1c013e94ced4f3e1d908fc8bb48c3475bbc155277b14386cf",
                "sha256:6dbb0f472ac6c27d336c0ef6e0d66ff7ef1112ebb79604c1a71faa725d105c72",
                "sha256:75fffdbb8deb7b481c12a2177b686c5a518083e5254f842b34057840f3f3795b",
                "sha256:76b9d5493487f0018e5c0926357eaa8a4a7120786268741169337e9d4e0b0612",
                "sha256:776b6778d6bdd0794b404f20af9509c8e09dc0b7bc5683e2b6612a6ca8231b11",
                "sha256:809b423a7107c5dd047c8bd1733a33fb0c5f16a884d9a2389e8446945fbcce0c",
                "sha256:84e2d37bea004c737352f507fa0b4b3d9fa0bffc027331d3291a4e523066cc3c",
                "sha256:9c986af7320b4bf967934b505ee019243282b575e07d9f8517596a6254586482",
                "sha256:9e4f565feb2cad4c126a66037d6569917aaaaf35f5fecf7a179421b68d584f1a",
                "sha256:ae606705fa1d54aa0d5ba8e3272bb4d3f801543c8090e11ced00de46c4feff40",
                "sha256:c7a248180b82738738693abfff6d6e9418d04c3ad533eefe839b4d8a3dd2e534",
                "sha256:d2d3031aa4a11a1ca2e1145526517a761f3f3cf6fd0e039b25daaa79a54d6b42",
                "sha256:d2e3bcbcd98da1ca3c4adfb62693a445a8c88b65ce507df502a8c5a7966d19f3",
                "sha256:e90edf96a805e4ea981201b21065717f61f1fd718cb5000ce0445fabcaa0d988",
                "sha256:efaa4ad229cc46760a6e5b9fdf2dc71a13db06ee455ec749ea8adacad2ba78a8",
                "sha256:efac56d0c6b7d7b806ebfeb2154bd39cdb511f0ccb9e197e945a07980f001245",
                "sha256:f6367c71527ad1b107644eb17e77509c0b37fdbd5cca0a5e1180d1a4a37b61ca",
                "sha256:f9fd69646cb8015525eff22292b5545d10490dcb8d0ce429b47f4952cd840aef",
                "sha256:fecc315a58bbf409807ef6e6f1aaffb2cba90898f9283e47513a09b09ad8f49d",
                "sha256:ff96e6025176363c90f5fb6bb7b80b25605010de7972e2d5097ff9f9adb08f87"
            ],
            "version": "==0.8.20"
        },
        "six": {
            "hashes": [
                "sha256:1e61c37477a1626458e36f7b1d82aa5c9b094fa4802892072e49de9c60c4c926",
                "sha256:8abb2f1d86890a2dfb989f9a77cfcfd3e47c2a354b01111771326f8aa26e0254"
            ],
            "markers": "python_version >= '2.7' and python_version not in '3.0, 3.1, 3.2, 3.3'",
            "version": "==1.16.0"
        },
        "typing-extensions": {
            "hashes": [
                "sha256:1511434bb92bf8dd198c12b1cc812e800d4181cfcb867674e0f8279cc93087aa",
                "sha256:16fa4864408f655d35ec496218b85f79b3437c829e93320c7c9215ccfd92489e"
            ],
            "markers": "python_version < '3.8'",
            "version": "==4.4.0"
        },
        "urllib3": {
            "hashes": [
                "sha256:47cc05d99aaa09c9e72ed5809b60e7ba354e64b59c9c173ac3018642d8bb41fc",
                "sha256:c083dd0dce68dbfbe1129d5271cb90f9447dea7d52097c6e0126120c521ddea8"
            ],
            "markers": "python_version >= '2.7' and python_version not in '3.0, 3.1, 3.2, 3.3, 3.4, 3.5'",
            "version": "==1.26.13"
        },
        "wcwidth": {
            "hashes": [
                "sha256:beb4802a9cebb9144e99086eff703a642a13d6a0052920003a230f3294bbe784",
                "sha256:c4d647b99872929fdb7bdcaa4fbe7f01413ed3d98077df798530e5b04f116c83"
            ],
            "version": "==0.2.5"
        },
        "websocket-client": {
            "hashes": [
                "sha256:d6b06432f184438d99ac1f456eaf22fe1ade524c3dd16e661142dc54e9cba574",
                "sha256:d6e8f90ca8e2dd4e8027c4561adeb9456b54044312dba655e7cae652ceb9ae59"
            ],
            "markers": "python_version >= '3.7'",
            "version": "==1.4.2"
        },
        "zipp": {
            "hashes": [
                "sha256:83a28fcb75844b5c0cdaf5aa4003c2d728c77e05f5aeabe8e95e56727005fbaa",
                "sha256:a7a22e05929290a67401440b39690ae6563279bced5f314609d9d03798f56766"
            ],
            "markers": "python_version >= '3.7'",
            "version": "==3.11.0"
        }
    },
    "develop": {}
}
